
Microsoft Visual Studio Solution File, Format Version 12.00
# Visual Studio Version 16
VisualStudioVersion = 16.0.31005.135
MinimumVisualStudioVersion = 10.0.40219.1
Project("{9A19103F-16F7-4668-BE54-9A1E7A4F7556}") = "GameHelper", "GameHelper\GameHelper.csproj", "{A9816FDB-5ED1-4A82-B7C2-AAAC696DD1A0}"
EndProject
Project("{9A19103F-16F7-4668-BE54-9A1E7A4F7556}") = "GameHelper.Interfaces", "GameHelper.Interfaces\GameHelper.Interfaces.csproj", "{CC4EF6B8-1EB4-4BA5-8831-C57CE4F07689}"
EndProject
Project("{9A19103F-16F7-4668-BE54-9A1E7A4F7556}") = "GameHelper.Albion", "GameHelper.Albion\GameHelper.Albion.csproj", "{8D242838-58DA-49AD-89AC-36471E48F2CE}"
EndProject
Project("{9A19103F-16F7-4668-BE54-9A1E7A4F7556}") = "GameHelper.Tests", "GameHelper.Tests\GameHelper.Tests.csproj", "{346D6727-97DD-4BDE-ADC7-CA591CC812A0}"
EndProject
Project("{9A19103F-16F7-4668-BE54-9A1E7A4F7556}") = "GameHelper.Translators", "GameHelper.Translators\GameHelper.Translators.csproj", "{AED3BE8E-F9E1-4517-9A3E-FF59F8A860E3}"
EndProject
Project("{2150E333-8FDC-42A3-9474-1A3956D46DE8}") = "Libs", "Libs", "{70FF8521-E802-430B-8126-8FDE96CF43B7}"
EndProject
Project("{9A19103F-16F7-4668-BE54-9A1E7A4F7556}") = "GameHelper.Utils", "GameHelper.Utils\GameHelper.Utils.csproj", "{D96B54DA-E72C-435F-9C41-02CED7C584AF}"
EndProject
Project("{9A19103F-16F7-4668-BE54-9A1E7A4F7556}") = "GameHelper.Tera", "GameHelper.Tera\GameHelper.Tera.csproj", "{AF94F709-731E-40D4-AB2C-040A485577AB}"
EndProject
Project("{2150E333-8FDC-42A3-9474-1A3956D46DE8}") = "ChatMonitor", "ChatMonitor", "{A01F3E80-75E0-47E0-82A6-A23DBE5FF10B}"
EndProject
Project("{9A19103F-16F7-4668-BE54-9A1E7A4F7556}") = "ChatMonitor", "ChatMonitor\ChatMonitor\ChatMonitor.csproj", "{86189220-F172-417A-82C3-3A64B1BA2C09}"
EndProject
Project("{FAE04EC0-301F-11D3-BF4B-00C04F79EFBC}") = "ChatMonitor.Capture", "ChatMonitor\ChatMonitor.Capture\ChatMonitor.Capture.csproj", "{428FFAE9-C904-4879-BC3E-885F6A694467}"
EndProject
Global
	GlobalSection(SolutionConfigurationPlatforms) = preSolution
		Debug|Any CPU = Debug|Any CPU
		Release|Any CPU = Release|Any CPU
	EndGlobalSection
	GlobalSection(ProjectConfigurationPlatforms) = postSolution
		{A9816FDB-5ED1-4A82-B7C2-AAAC696DD1A0}.Debug|Any CPU.ActiveCfg = Debug|Any CPU
		{A9816FDB-5ED1-4A82-B7C2-AAAC696DD1A0}.Debug|Any CPU.Build.0 = Debug|Any CPU
		{A9816FDB-5ED1-4A82-B7C2-AAAC696DD1A0}.Release|Any CPU.ActiveCfg = Release|Any CPU
		{A9816FDB-5ED1-4A82-B7C2-AAAC696DD1A0}.Release|Any CPU.Build.0 = Release|Any CPU
		{CC4EF6B8-1EB4-4BA5-8831-C57CE4F07689}.Debug|Any CPU.ActiveCfg = Debug|Any CPU
		{CC4EF6B8-1EB4-4BA5-8831-C57CE4F07689}.Debug|Any CPU.Build.0 = Debug|Any CPU
		{CC4EF6B8-1EB4-4BA5-8831-C57CE4F07689}.Release|Any CPU.ActiveCfg = Release|Any CPU
		{CC4EF6B8-1EB4-4BA5-8831-C57CE4F07689}.Release|Any CPU.Build.0 = Release|Any CPU
		{8D242838-58DA-49AD-89AC-36471E48F2CE}.Debug|Any CPU.ActiveCfg = Debug|Any CPU
		{8D242838-58DA-49AD-89AC-36471E48F2CE}.Debug|Any CPU.Build.0 = Debug|Any CPU
		{8D242838-58DA-49AD-89AC-36471E48F2CE}.Release|Any CPU.ActiveCfg = Release|Any CPU
		{8D242838-58DA-49AD-89AC-36471E48F2CE}.Release|Any CPU.Build.0 = Release|Any CPU
		{346D6727-97DD-4BDE-ADC7-CA591CC812A0}.Debug|Any CPU.ActiveCfg = Debug|Any CPU
		{346D6727-97DD-4BDE-ADC7-CA591CC812A0}.Debug|Any CPU.Build.0 = Debug|Any CPU
		{346D6727-97DD-4BDE-ADC7-CA591CC812A0}.Release|Any CPU.ActiveCfg = Release|Any CPU
		{346D6727-97DD-4BDE-ADC7-CA591CC812A0}.Release|Any CPU.Build.0 = Release|Any CPU
		{AED3BE8E-F9E1-4517-9A3E-FF59F8A860E3}.Debug|Any CPU.ActiveCfg = Debug|Any CPU
		{AED3BE8E-F9E1-4517-9A3E-FF59F8A860E3}.Debug|Any CPU.Build.0 = Debug|Any CPU
		{AED3BE8E-F9E1-4517-9A3E-FF59F8A860E3}.Release|Any CPU.ActiveCfg = Release|Any CPU
		{AED3BE8E-F9E1-4517-9A3E-FF59F8A860E3}.Release|Any CPU.Build.0 = Release|Any CPU
		{D96B54DA-E72C-435F-9C41-02CED7C584AF}.Debug|Any CPU.ActiveCfg = Debug|Any CPU
		{D96B54DA-E72C-435F-9C41-02CED7C584AF}.Debug|Any CPU.Build.0 = Debug|Any CPU
		{D96B54DA-E72C-435F-9C41-02CED7C584AF}.Release|Any CPU.ActiveCfg = Release|Any CPU
		{D96B54DA-E72C-435F-9C41-02CED7C584AF}.Release|Any CPU.Build.0 = Release|Any CPU
		{AF94F709-731E-40D4-AB2C-040A485577AB}.Debug|Any CPU.ActiveCfg = Debug|Any CPU
		{AF94F709-731E-40D4-AB2C-040A485577AB}.Debug|Any CPU.Build.0 = Debug|Any CPU
		{AF94F709-731E-40D4-AB2C-040A485577AB}.Release|Any CPU.ActiveCfg = Release|Any CPU
		{AF94F709-731E-40D4-AB2C-040A485577AB}.Release|Any CPU.Build.0 = Release|Any CPU
		{86189220-F172-417A-82C3-3A64B1BA2C09}.Debug|Any CPU.ActiveCfg = Debug|Any CPU
		{86189220-F172-417A-82C3-3A64B1BA2C09}.Debug|Any CPU.Build.0 = Debug|Any CPU
		{86189220-F172-417A-82C3-3A64B1BA2C09}.Release|Any CPU.ActiveCfg = Release|Any CPU
		{86189220-F172-417A-82C3-3A64B1BA2C09}.Release|Any CPU.Build.0 = Release|Any CPU
		{428FFAE9-C904-4879-BC3E-885F6A694467}.Debug|Any CPU.ActiveCfg = Debug|Any CPU
		{428FFAE9-C904-4879-BC3E-885F6A694467}.Debug|Any CPU.Build.0 = Debug|Any CPU
		{428FFAE9-C904-4879-BC3E-885F6A694467}.Release|Any CPU.ActiveCfg = Release|Any CPU
		{428FFAE9-C904-4879-BC3E-885F6A694467}.Release|Any CPU.Build.0 = Release|Any CPU
	EndGlobalSection
	GlobalSection(SolutionProperties) = preSolution
		HideSolutionNode = FALSE
	EndGlobalSection
	GlobalSection(NestedProjects) = preSolution
		{86189220-F172-417A-82C3-3A64B1BA2C09} = {A01F3E80-75E0-47E0-82A6-A23DBE5FF10B}
		{428FFAE9-C904-4879-BC3E-885F6A694467} = {A01F3E80-75E0-47E0-82A6-A23DBE5FF10B}
	EndGlobalSection
	GlobalSection(ExtensibilityGlobals) = postSolution
		SolutionGuid = {6C5AF1EC-2179-4689-A190-E5F425EAA744}
	EndGlobalSection
EndGlobal
